
Microsoft Visual Studio Solution File, Format Version 12.00
# Visual Studio 15
VisualStudioVersion = 15.0.27130.0
MinimumVisualStudioVersion = 10.0.40219.1
Project("{DA7A21FA-8162-4350-AD77-A8D1B671F3ED}") = "R", "R.rxproj", "{28F0C2B4-1998-4B26-95B9-A236CDC4839A}"
EndProject
Global
	GlobalSection(SolutionConfigurationPlatforms) = preSolution
		Debug|Any CPU = Debug|Any CPU
		Release|Any CPU = Release|Any CPU
	EndGlobalSection
	GlobalSection(ProjectConfigurationPlatforms) = postSolution
		{28F0C2B4-1998-4B26-95B9-A236CDC4839A}.Debug|Any CPU.ActiveCfg = Debug|Any CPU
		{28F0C2B4-1998-4B26-95B9-A236CDC4839A}.Debug|Any CPU.Build.0 = Debug|Any CPU
		{28F0C2B4-1998-4B26-95B9-A236CDC4839A}.Release|Any CPU.ActiveCfg = Debug|Any CPU
		{28F0C2B4-1998-4B26-95B9-A236CDC4839A}.Release|Any CPU.Build.0 = Debug|Any CPU
	EndGlobalSection
	GlobalSection(SolutionProperties) = preSolution
		HideSolutionNode = FALSE
	EndGlobalSection
	GlobalSection(ExtensibilityGlobals) = postSolution
		SolutionGuid = {E02DE958-3858-450B-A00B-C31C627C71F2}
	EndGlobalSection
EndGlobal
